
Microsoft Visual Studio Solution File, Format Version 12.00
# Visual Studio Version 16
VisualStudioVersion = 16.0.31424.327
MinimumVisualStudioVersion = 10.0.40219.1
Project("{FAE04EC0-301F-11D3-BF4B-00C04F79EFBC}") = "5HET_AZQKAD", "5HET_AZQKAD\5HET_AZQKAD.csproj", "{509788C5-E0F2-46CC-8256-105F3D00B1D7}"
EndProject
Global
	GlobalSection(SolutionConfigurationPlatforms) = preSolution
		Debug|Any CPU = Debug|Any CPU
		Release|Any CPU = Release|Any CPU
	EndGlobalSection
	GlobalSection(ProjectConfigurationPlatforms) = postSolution
		{509788C5-E0F2-46CC-8256-105F3D00B1D7}.Debug|Any CPU.ActiveCfg = Debug|Any CPU
		{509788C5-E0F2-46CC-8256-105F3D00B1D7}.Debug|Any CPU.Build.0 = Debug|Any CPU
		{509788C5-E0F2-46CC-8256-105F3D00B1D7}.Release|Any CPU.ActiveCfg = Release|Any CPU
		{509788C5-E0F2-46CC-8256-105F3D00B1D7}.Release|Any CPU.Build.0 = Release|Any CPU
	EndGlobalSection
	GlobalSection(SolutionProperties) = preSolution
		HideSolutionNode = FALSE
	EndGlobalSection
	GlobalSection(ExtensibilityGlobals) = postSolution
		SolutionGuid = {3C79C421-F157-4137-9DEA-47F3E98E9A7C}
	EndGlobalSection
EndGlobal
